
Microsoft Visual Studio Solution File, Format Version 11.00
# Visual Studio 2010
Project("{FAE04EC0-301F-11D3-BF4B-00C04F79EFBC}") = "fullScreenApp", "fullScreenApp\fullScreenApp.csproj", "{73748899-E7F0-4400-B979-E21B9277126A}"
EndProject
Global
	GlobalSection(SolutionConfigurationPlatforms) = preSolution
		Debug|iPhoneSimulator = Debug|iPhoneSimulator
		Release|iPhoneSimulator = Release|iPhoneSimulator
		Debug|iPhone = Debug|iPhone
		Release|iPhone = Release|iPhone
		Ad-Hoc|iPhone = Ad-Hoc|iPhone
		AppStore|iPhone = AppStore|iPhone
	EndGlobalSection
	GlobalSection(ProjectConfigurationPlatforms) = postSolution
		{73748899-E7F0-4400-B979-E21B9277126A}.Ad-Hoc|iPhone.ActiveCfg = Ad-Hoc|iPhone
		{73748899-E7F0-4400-B979-E21B9277126A}.Ad-Hoc|iPhone.Build.0 = Ad-Hoc|iPhone
		{73748899-E7F0-4400-B979-E21B9277126A}.AppStore|iPhone.ActiveCfg = AppStore|iPhone
		{73748899-E7F0-4400-B979-E21B9277126A}.AppStore|iPhone.Build.0 = AppStore|iPhone
		{73748899-E7F0-4400-B979-E21B9277126A}.Debug|iPhone.ActiveCfg = Debug|iPhone
		{73748899-E7F0-4400-B979-E21B9277126A}.Debug|iPhone.Build.0 = Debug|iPhone
		{73748899-E7F0-4400-B979-E21B9277126A}.Debug|iPhoneSimulator.ActiveCfg = Debug|iPhoneSimulator
		{73748899-E7F0-4400-B979-E21B9277126A}.Debug|iPhoneSimulator.Build.0 = Debug|iPhoneSimulator
		{73748899-E7F0-4400-B979-E21B9277126A}.Release|iPhone.ActiveCfg = Release|iPhone
		{73748899-E7F0-4400-B979-E21B9277126A}.Release|iPhone.Build.0 = Release|iPhone
		{73748899-E7F0-4400-B979-E21B9277126A}.Release|iPhoneSimulator.ActiveCfg = Release|iPhoneSimulator
		{73748899-E7F0-4400-B979-E21B9277126A}.Release|iPhoneSimulator.Build.0 = Release|iPhoneSimulator
	EndGlobalSection
	GlobalSection(MonoDevelopProperties) = preSolution
		StartupItem = fullScreenApp\fullScreenApp.csproj
	EndGlobalSection
EndGlobal
